
Microsoft Visual Studio Solution File, Format Version 12.00
# Visual Studio Version 16
VisualStudioVersion = 16.0.30717.126
MinimumVisualStudioVersion = 10.0.40219.1
Project("{FAE04EC0-301F-11D3-BF4B-00C04F79EFBC}") = "Workflow 5.0 Core Sample", "Workflow 5.0 Core Sample\Workflow 5.0 Core Sample.csproj", "{A1A90B5B-3EE8-458A-B8A7-407DC11E51B1}"
EndProject
Global
	GlobalSection(SolutionConfigurationPlatforms) = preSolution
		Debug|Any CPU = Debug|Any CPU
		Release|Any CPU = Release|Any CPU
	EndGlobalSection
	GlobalSection(ProjectConfigurationPlatforms) = postSolution
		{A1A90B5B-3EE8-458A-B8A7-407DC11E51B1}.Debug|Any CPU.ActiveCfg = Debug|Any CPU
		{A1A90B5B-3EE8-458A-B8A7-407DC11E51B1}.Debug|Any CPU.Build.0 = Debug|Any CPU
		{A1A90B5B-3EE8-458A-B8A7-407DC11E51B1}.Release|Any CPU.ActiveCfg = Release|Any CPU
		{A1A90B5B-3EE8-458A-B8A7-407DC11E51B1}.Release|Any CPU.Build.0 = Release|Any CPU
	EndGlobalSection
	GlobalSection(SolutionProperties) = preSolution
		HideSolutionNode = FALSE
	EndGlobalSection
	GlobalSection(ExtensibilityGlobals) = postSolution
		SolutionGuid = {CD68703A-5112-4255-B5DA-CC3032291CF8}
	EndGlobalSection
EndGlobal
